
Microsoft Visual Studio Solution File, Format Version 12.00
# Visual Studio Version 16
VisualStudioVersion = 16.0.30011.22
MinimumVisualStudioVersion = 10.0.40219.1
Project("{FAE04EC0-301F-11D3-BF4B-00C04F79EFBC}") = "FS20", "FS20\FS20.csproj", "{DED217C3-4B29-4083-90F1-7466F3753802}"
EndProject
Global
	GlobalSection(SolutionConfigurationPlatforms) = preSolution
		Debug|Any CPU = Debug|Any CPU
		Release|Any CPU = Release|Any CPU
	EndGlobalSection
	GlobalSection(ProjectConfigurationPlatforms) = postSolution
		{DED217C3-4B29-4083-90F1-7466F3753802}.Debug|Any CPU.ActiveCfg = Debug|Any CPU
		{DED217C3-4B29-4083-90F1-7466F3753802}.Debug|Any CPU.Build.0 = Debug|Any CPU
		{DED217C3-4B29-4083-90F1-7466F3753802}.Release|Any CPU.ActiveCfg = Release|Any CPU
		{DED217C3-4B29-4083-90F1-7466F3753802}.Release|Any CPU.Build.0 = Release|Any CPU
	EndGlobalSection
	GlobalSection(SolutionProperties) = preSolution
		HideSolutionNode = FALSE
	EndGlobalSection
	GlobalSection(ExtensibilityGlobals) = postSolution
		SolutionGuid = {F3AB80D7-8230-4B91-8C44-265118B0204D}
	EndGlobalSection
EndGlobal
